
Microsoft Visual Studio Solution File, Format Version 12.00
# Visual Studio Version 17
VisualStudioVersion = 17.11.35312.102
MinimumVisualStudioVersion = 10.0.40219.1
Project("{FAE04EC0-301F-11D3-BF4B-00C04F79EFBC}") = "TMADLANGBAYAN1_Gym_Management", "TMADLANGBAYAN1_Gym_Management\TMADLANGBAYAN1_Gym_Management.csproj", "{31FF0292-FB7E-434B-B060-AFD7F9B1E49E}"
EndProject
Global
	GlobalSection(SolutionConfigurationPlatforms) = preSolution
		Debug|Any CPU = Debug|Any CPU
		Release|Any CPU = Release|Any CPU
	EndGlobalSection
	GlobalSection(ProjectConfigurationPlatforms) = postSolution
		{31FF0292-FB7E-434B-B060-AFD7F9B1E49E}.Debug|Any CPU.ActiveCfg = Debug|Any CPU
		{31FF0292-FB7E-434B-B060-AFD7F9B1E49E}.Debug|Any CPU.Build.0 = Debug|Any CPU
		{31FF0292-FB7E-434B-B060-AFD7F9B1E49E}.Release|Any CPU.ActiveCfg = Release|Any CPU
		{31FF0292-FB7E-434B-B060-AFD7F9B1E49E}.Release|Any CPU.Build.0 = Release|Any CPU
	EndGlobalSection
	GlobalSection(SolutionProperties) = preSolution
		HideSolutionNode = FALSE
	EndGlobalSection
	GlobalSection(ExtensibilityGlobals) = postSolution
		SolutionGuid = {DD69679D-88B0-48D0-A3EC-C419B8A7A0AD}
	EndGlobalSection
EndGlobal
